
Microsoft Visual Studio Solution File, Format Version 12.00
# Visual Studio Version 16
VisualStudioVersion = 16.0.31229.75
MinimumVisualStudioVersion = 10.0.40219.1
Project("{FAE04EC0-301F-11D3-BF4B-00C04F79EFBC}") = "Client.UWP", "Messenger\Messenger.UWP\Client.UWP.csproj", "{22964105-4FBB-44D5-BDBD-746A5181E282}"
EndProject
Project("{FAE04EC0-301F-11D3-BF4B-00C04F79EFBC}") = "Client.Android", "Messenger\Messenger.Android\Client.Android.csproj", "{F0CA04F4-7E23-4474-BD41-9AC1F3BFE675}"
EndProject
Project("{FAE04EC0-301F-11D3-BF4B-00C04F79EFBC}") = "Client.iOS", "Messenger\Messenger.iOS\Client.iOS.csproj", "{A9CA20AD-6BDD-4930-BE1C-5E90BD554121}"
EndProject
Project("{9A19103F-16F7-4668-BE54-9A1E7A4F7556}") = "Client", "Messenger\Messenger\Client.csproj", "{EEFD9AA1-4C89-4677-801D-16C5103375FD}"
EndProject
Global
	GlobalSection(SolutionConfigurationPlatforms) = preSolution
		Debug|Any CPU = Debug|Any CPU
		Debug|ARM = Debug|ARM
		Debug|iPhone = Debug|iPhone
		Debug|iPhoneSimulator = Debug|iPhoneSimulator
		Debug|x64 = Debug|x64
		Debug|x86 = Debug|x86
		Release|Any CPU = Release|Any CPU
		Release|ARM = Release|ARM
		Release|iPhone = Release|iPhone
		Release|iPhoneSimulator = Release|iPhoneSimulator
		Release|x64 = Release|x64
		Release|x86 = Release|x86
	EndGlobalSection
	GlobalSection(ProjectConfigurationPlatforms) = postSolution
		{22964105-4FBB-44D5-BDBD-746A5181E282}.Debug|Any CPU.ActiveCfg = Debug|x86
		{22964105-4FBB-44D5-BDBD-746A5181E282}.Debug|Any CPU.Build.0 = Debug|x86
		{22964105-4FBB-44D5-BDBD-746A5181E282}.Debug|Any CPU.Deploy.0 = Debug|x86
		{22964105-4FBB-44D5-BDBD-746A5181E282}.Debug|ARM.ActiveCfg = Debug|ARM
		{22964105-4FBB-44D5-BDBD-746A5181E282}.Debug|ARM.Build.0 = Debug|ARM
		{22964105-4FBB-44D5-BDBD-746A5181E282}.Debug|ARM.Deploy.0 = Debug|ARM
		{22964105-4FBB-44D5-BDBD-746A5181E282}.Debug|iPhone.ActiveCfg = Debug|x86
		{22964105-4FBB-44D5-BDBD-746A5181E282}.Debug|iPhone.Build.0 = Debug|x86
		{22964105-4FBB-44D5-BDBD-746A5181E282}.Debug|iPhone.Deploy.0 = Debug|x86
		{22964105-4FBB-44D5-BDBD-746A5181E282}.Debug|iPhoneSimulator.ActiveCfg = Debug|x86
		{22964105-4FBB-44D5-BDBD-746A5181E282}.Debug|iPhoneSimulator.Build.0 = Debug|x86
		{22964105-4FBB-44D5-BDBD-746A5181E282}.Debug|iPhoneSimulator.Deploy.0 = Debug|x86
		{22964105-4FBB-44D5-BDBD-746A5181E282}.Debug|x64.ActiveCfg = Debug|x64
		{22964105-4FBB-44D5-BDBD-746A5181E282}.Debug|x64.Build.0 = Debug|x64
		{22964105-4FBB-44D5-BDBD-746A5181E282}.Debug|x64.Deploy.0 = Debug|x64
		{22964105-4FBB-44D5-BDBD-746A5181E282}.Debug|x86.ActiveCfg = Debug|x86
		{22964105-4FBB-44D5-BDBD-746A5181E282}.Debug|x86.Build.0 = Debug|x86
		{22964105-4FBB-44D5-BDBD-746A5181E282}.Debug|x86.Deploy.0 = Debug|x86
		{22964105-4FBB-44D5-BDBD-746A5181E282}.Release|Any CPU.ActiveCfg = Release|x86
		{22964105-4FBB-44D5-BDBD-746A5181E282}.Release|Any CPU.Build.0 = Release|x86
		{22964105-4FBB-44D5-BDBD-746A5181E282}.Release|Any CPU.Deploy.0 = Release|x86
		{22964105-4FBB-44D5-BDBD-746A5181E282}.Release|ARM.ActiveCfg = Release|ARM
		{22964105-4FBB-44D5-BDBD-746A5181E282}.Release|ARM.Build.0 = Release|ARM
		{22964105-4FBB-44D5-BDBD-746A5181E282}.Release|ARM.Deploy.0 = Release|ARM
		{22964105-4FBB-44D5-BDBD-746A5181E282}.Release|iPhone.ActiveCfg = Release|x86
		{22964105-4FBB-44D5-BDBD-746A5181E282}.Release|iPhone.Build.0 = Release|x86
		{22964105-4FBB-44D5-BDBD-746A5181E282}.Release|iPhone.Deploy.0 = Release|x86
		{22964105-4FBB-44D5-BDBD-746A5181E282}.Release|iPhoneSimulator.ActiveCfg = Release|x86
		{22964105-4FBB-44D5-BDBD-746A5181E282}.Release|iPhoneSimulator.Build.0 = Release|x86
		{22964105-4FBB-44D5-BDBD-746A5181E282}.Release|iPhoneSimulator.Deploy.0 = Release|x86
		{22964105-4FBB-44D5-BDBD-746A5181E282}.Release|x64.ActiveCfg = Release|x64
		{22964105-4FBB-44D5-BDBD-746A5181E282}.Release|x64.Build.0 = Release|x64
		{22964105-4FBB-44D5-BDBD-746A5181E282}.Release|x64.Deploy.0 = Release|x64
		{22964105-4FBB-44D5-BDBD-746A5181E282}.Release|x86.ActiveCfg = Release|x86
		{22964105-4FBB-44D5-BDBD-746A5181E282}.Release|x86.Build.0 = Release|x86
		{22964105-4FBB-44D5-BDBD-746A5181E282}.Release|x86.Deploy.0 = Release|x86
		{F0CA04F4-7E23-4474-BD41-9AC1F3BFE675}.Debug|Any CPU.ActiveCfg = Debug|Any CPU
		{F0CA04F4-7E23-4474-BD41-9AC1F3BFE675}.Debug|Any CPU.Build.0 = Debug|Any CPU
		{F0CA04F4-7E23-4474-BD41-9AC1F3BFE675}.Debug|Any CPU.Deploy.0 = Debug|Any CPU
		{F0CA04F4-7E23-4474-BD41-9AC1F3BFE675}.Debug|ARM.ActiveCfg = Debug|Any CPU
		{F0CA04F4-7E23-4474-BD41-9AC1F3BFE675}.Debug|ARM.Build.0 = Debug|Any CPU
		{F0CA04F4-7E23-4474-BD41-9AC1F3BFE675}.Debug|ARM.Deploy.0 = Debug|Any CPU
		{F0CA04F4-7E23-4474-BD41-9AC1F3BFE675}.Debug|iPhone.ActiveCfg = Debug|Any CPU
		{F0CA04F4-7E23-4474-BD41-9AC1F3BFE675}.Debug|iPhone.Build.0 = Debug|Any CPU
		{F0CA04F4-7E23-4474-BD41-9AC1F3BFE675}.Debug|iPhone.Deploy.0 = Debug|Any CPU
		{F0CA04F4-7E23-4474-BD41-9AC1F3BFE675}.Debug|iPhoneSimulator.ActiveCfg = Debug|Any CPU
		{F0CA04F4-7E23-4474-BD41-9AC1F3BFE675}.Debug|iPhoneSimulator.Build.0 = Debug|Any CPU
		{F0CA04F4-7E23-4474-BD41-9AC1F3BFE675}.Debug|iPhoneSimulator.Deploy.0 = Debug|Any CPU
		{F0CA04F4-7E23-4474-BD41-9AC1F3BFE675}.Debug|x64.ActiveCfg = Debug|Any CPU
		{F0CA04F4-7E23-4474-BD41-9AC1F3BFE675}.Debug|x64.Build.0 = Debug|Any CPU
		{F0CA04F4-7E23-4474-BD41-9AC1F3BFE675}.Debug|x64.Deploy.0 = Debug|Any CPU
		{F0CA04F4-7E23-4474-BD41-9AC1F3BFE675}.Debug|x86.ActiveCfg = Debug|Any CPU
		{F0CA04F4-7E23-4474-BD41-9AC1F3BFE675}.Debug|x86.Build.0 = Debug|Any CPU
		{F0CA04F4-7E23-4474-BD41-9AC1F3BFE675}.Debug|x86.Deploy.0 = Debug|Any CPU
		{F0CA04F4-7E23-4474-BD41-9AC1F3BFE675}.Release|Any CPU.ActiveCfg = Release|Any CPU
		{F0CA04F4-7E23-4474-BD41-9AC1F3BFE675}.Release|Any CPU.Build.0 = Release|Any CPU
		{F0CA04F4-7E23-4474-BD41-9AC1F3BFE675}.Release|Any CPU.Deploy.0 = Release|Any CPU
		{F0CA04F4-7E23-4474-BD41-9AC1F3BFE675}.Release|ARM.ActiveCfg = Release|Any CPU
		{F0CA04F4-7E23-4474-BD41-9AC1F3BFE675}.Release|ARM.Build.0 = Release|Any CPU
		{F0CA04F4-7E23-4474-BD41-9AC1F3BFE675}.Release|ARM.Deploy.0 = Release|Any CPU
		{F0CA04F4-7E23-4474-BD41-9AC1F3BFE675}.Release|iPhone.ActiveCfg = Release|Any CPU
		{F0CA04F4-7E23-4474-BD41-9AC1F3BFE675}.Release|iPhone.Build.0 = Release|Any CPU
		{F0CA04F4-7E23-4474-BD41-9AC1F3BFE675}.Release|iPhone.Deploy.0 = Release|Any CPU
		{F0CA04F4-7E23-4474-BD41-9AC1F3BFE675}.Release|iPhoneSimulator.ActiveCfg = Release|Any CPU
		{F0CA04F4-7E23-4474-BD41-9AC1F3BFE675}.Release|iPhoneSimulator.Build.0 = Release|Any CPU
		{F0CA04F4-7E23-4474-BD41-9AC1F3BFE675}.Release|iPhoneSimulator.Deploy.0 = Release|Any CPU
		{F0CA04F4-7E23-4474-BD41-9AC1F3BFE675}.Release|x64.ActiveCfg = Release|Any CPU
		{F0CA04F4-7E23-4474-BD41-9AC1F3BFE675}.Release|x64.Build.0 = Release|Any CPU
		{F0CA04F4-7E23-4474-BD41-9AC1F3BFE675}.Release|x64.Deploy.0 = Release|Any CPU
		{F0CA04F4-7E23-4474-BD41-9AC1F3BFE675}.Release|x86.ActiveCfg = Release|Any CPU
		{F0CA04F4-7E23-4474-BD41-9AC1F3BFE675}.Release|x86.Build.0 = Release|Any CPU
		{F0CA04F4-7E23-4474-BD41-9AC1F3BFE675}.Release|x86.Deploy.0 = Release|Any CPU
		{A9CA20AD-6BDD-4930-BE1C-5E90BD554121}.Debug|Any CPU.ActiveCfg = Debug|iPhoneSimulator
		{A9CA20AD-6BDD-4930-BE1C-5E90BD554121}.Debug|Any CPU.Build.0 = Debug|iPhoneSimulator
		{A9CA20AD-6BDD-4930-BE1C-5E90BD554121}.Debug|Any CPU.Deploy.0 = Debug|iPhoneSimulator
		{A9CA20AD-6BDD-4930-BE1C-5E90BD554121}.Debug|ARM.ActiveCfg = Debug|iPhone
		{A9CA20AD-6BDD-4930-BE1C-5E90BD554121}.Debug|ARM.Build.0 = Debug|iPhone
		{A9CA20AD-6BDD-4930-BE1C-5E90BD554121}.Debug|ARM.Deploy.0 = Debug|iPhone
		{A9CA20AD-6BDD-4930-BE1C-5E90BD554121}.Debug|iPhone.ActiveCfg = Debug|iPhone
		{A9CA20AD-6BDD-4930-BE1C-5E90BD554121}.Debug|iPhone.Build.0 = Debug|iPhone
		{A9CA20AD-6BDD-4930-BE1C-5E90BD554121}.Debug|iPhone.Deploy.0 = Debug|iPhone
		{A9CA20AD-6BDD-4930-BE1C-5E90BD554121}.Debug|iPhoneSimulator.ActiveCfg = Debug|iPhoneSimulator
		{A9CA20AD-6BDD-4930-BE1C-5E90BD554121}.Debug|iPhoneSimulator.Build.0 = Debug|iPhoneSimulator
		{A9CA20AD-6BDD-4930-BE1C-5E90BD554121}.Debug|iPhoneSimulator.Deploy.0 = Debug|iPhoneSimulator
		{A9CA20AD-6BDD-4930-BE1C-5E90BD554121}.Debug|x64.ActiveCfg = Debug|iPhoneSimulator
		{A9CA20AD-6BDD-4930-BE1C-5E90BD554121}.Debug|x64.Build.0 = Debug|iPhoneSimulator
		{A9CA20AD-6BDD-4930-BE1C-5E90BD554121}.Debug|x64.Deploy.0 = Debug|iPhoneSimulator
		{A9CA20AD-6BDD-4930-BE1C-5E90BD554121}.Debug|x86.ActiveCfg = Debug|iPhoneSimulator
		{A9CA20AD-6BDD-4930-BE1C-5E90BD554121}.Debug|x86.Build.0 = Debug|iPhoneSimulator
		{A9CA20AD-6BDD-4930-BE1C-5E90BD554121}.Debug|x86.Deploy.0 = Debug|iPhoneSimulator
		{A9CA20AD-6BDD-4930-BE1C-5E90BD554121}.Release|Any CPU.ActiveCfg = Release|iPhoneSimulator
		{A9CA20AD-6BDD-4930-BE1C-5E90BD554121}.Release|Any CPU.Build.0 = Release|iPhoneSimulator
		{A9CA20AD-6BDD-4930-BE1C-5E90BD554121}.Release|Any CPU.Deploy.0 = Release|iPhoneSimulator
		{A9CA20AD-6BDD-4930-BE1C-5E90BD554121}.Release|ARM.ActiveCfg = Release|iPhoneSimulator
		{A9CA20AD-6BDD-4930-BE1C-5E90BD554121}.Release|ARM.Build.0 = Release|iPhoneSimulator
		{A9CA20AD-6BDD-4930-BE1C-5E90BD554121}.Release|ARM.Deploy.0 = Release|iPhoneSimulator
		{A9CA20AD-6BDD-4930-BE1C-5E90BD554121}.Release|iPhone.ActiveCfg = Release|iPhone
		{A9CA20AD-6BDD-4930-BE1C-5E90BD554121}.Release|iPhone.Build.0 = Release|iPhone
		{A9CA20AD-6BDD-4930-BE1C-5E90BD554121}.Release|iPhone.Deploy.0 = Release|iPhone
		{A9CA20AD-6BDD-4930-BE1C-5E90BD554121}.Release|iPhoneSimulator.ActiveCfg = Release|iPhoneSimulator
		{A9CA20AD-6BDD-4930-BE1C-5E90BD554121}.Release|iPhoneSimulator.Build.0 = Release|iPhoneSimulator
		{A9CA20AD-6BDD-4930-BE1C-5E90BD554121}.Release|iPhoneSimulator.Deploy.0 = Release|iPhoneSimulator
		{A9CA20AD-6BDD-4930-BE1C-5E90BD554121}.Release|x64.ActiveCfg = Release|iPhoneSimulator
		{A9CA20AD-6BDD-4930-BE1C-5E90BD554121}.Release|x64.Build.0 = Release|iPhoneSimulator
		{A9CA20AD-6BDD-4930-BE1C-5E90BD554121}.Release|x64.Deploy.0 = Release|iPhoneSimulator
		{A9CA20AD-6BDD-4930-BE1C-5E90BD554121}.Release|x86.ActiveCfg = Release|iPhoneSimulator
		{A9CA20AD-6BDD-4930-BE1C-5E90BD554121}.Release|x86.Build.0 = Release|iPhoneSimulator
		{A9CA20AD-6BDD-4930-BE1C-5E90BD554121}.Release|x86.Deploy.0 = Release|iPhoneSimulator
		{EEFD9AA1-4C89-4677-801D-16C5103375FD}.Debug|Any CPU.ActiveCfg = Debug|Any CPU
		{EEFD9AA1-4C89-4677-801D-16C5103375FD}.Debug|Any CPU.Build.0 = Debug|Any CPU
		{EEFD9AA1-4C89-4677-801D-16C5103375FD}.Debug|Any CPU.Deploy.0 = Debug|Any CPU
		{EEFD9AA1-4C89-4677-801D-16C5103375FD}.Debug|ARM.ActiveCfg = Debug|Any CPU
		{EEFD9AA1-4C89-4677-801D-16C5103375FD}.Debug|ARM.Build.0 = Debug|Any CPU
		{EEFD9AA1-4C89-4677-801D-16C5103375FD}.Debug|ARM.Deploy.0 = Debug|Any CPU
		{EEFD9AA1-4C89-4677-801D-16C5103375FD}.Debug|iPhone.ActiveCfg = Debug|Any CPU
		{EEFD9AA1-4C89-4677-801D-16C5103375FD}.Debug|iPhone.Build.0 = Debug|Any CPU
		{EEFD9AA1-4C89-4677-801D-16C5103375FD}.Debug|iPhone.Deploy.0 = Debug|Any CPU
		{EEFD9AA1-4C89-4677-801D-16C5103375FD}.Debug|iPhoneSimulator.ActiveCfg = Debug|Any CPU
		{EEFD9AA1-4C89-4677-801D-16C5103375FD}.Debug|iPhoneSimulator.Build.0 = Debug|Any CPU
		{EEFD9AA1-4C89-4677-801D-16C5103375FD}.Debug|iPhoneSimulator.Deploy.0 = Debug|Any CPU
		{EEFD9AA1-4C89-4677-801D-16C5103375FD}.Debug|x64.ActiveCfg = Debug|Any CPU
		{EEFD9AA1-4C89-4677-801D-16C5103375FD}.Debug|x64.Build.0 = Debug|Any CPU
		{EEFD9AA1-4C89-4677-801D-16C5103375FD}.Debug|x64.Deploy.0 = Debug|Any CPU
		{EEFD9AA1-4C89-4677-801D-16C5103375FD}.Debug|x86.ActiveCfg = Debug|Any CPU
		{EEFD9AA1-4C89-4677-801D-16C5103375FD}.Debug|x86.Build.0 = Debug|Any CPU
		{EEFD9AA1-4C89-4677-801D-16C5103375FD}.Debug|x86.Deploy.0 = Debug|Any CPU
		{EEFD9AA1-4C89-4677-801D-16C5103375FD}.Release|Any CPU.ActiveCfg = Release|Any CPU
		{EEFD9AA1-4C89-4677-801D-16C5103375FD}.Release|Any CPU.Build.0 = Release|Any CPU
		{EEFD9AA1-4C89-4677-801D-16C5103375FD}.Release|Any CPU.Deploy.0 = Release|Any CPU
		{EEFD9AA1-4C89-4677-801D-16C5103375FD}.Release|ARM.ActiveCfg = Release|Any CPU
		{EEFD9AA1-4C89-4677-801D-16C5103375FD}.Release|ARM.Build.0 = Release|Any CPU
		{EEFD9AA1-4C89-4677-801D-16C5103375FD}.Release|ARM.Deploy.0 = Release|Any CPU
		{EEFD9AA1-4C89-4677-801D-16C5103375FD}.Release|iPhone.ActiveCfg = Release|Any CPU
		{EEFD9AA1-4C89-4677-801D-16C5103375FD}.Release|iPhone.Build.0 = Release|Any CPU
		{EEFD9AA1-4C89-4677-801D-16C5103375FD}.Release|iPhone.Deploy.0 = Release|Any CPU
		{EEFD9AA1-4C89-4677-801D-16C5103375FD}.Release|iPhoneSimulator.ActiveCfg = Release|Any CPU
		{EEFD9AA1-4C89-4677-801D-16C5103375FD}.Release|iPhoneSimulator.Build.0 = Release|Any CPU
		{EEFD9AA1-4C89-4677-801D-16C5103375FD}.Release|iPhoneSimulator.Deploy.0 = Release|Any CPU
		{EEFD9AA1-4C89-4677-801D-16C5103375FD}.Release|x64.ActiveCfg = Release|Any CPU
		{EEFD9AA1-4C89-4677-801D-16C5103375FD}.Release|x64.Build.0 = Release|Any CPU
		{EEFD9AA1-4C89-4677-801D-16C5103375FD}.Release|x64.Deploy.0 = Release|Any CPU
		{EEFD9AA1-4C89-4677-801D-16C5103375FD}.Release|x86.ActiveCfg = Release|Any CPU
		{EEFD9AA1-4C89-4677-801D-16C5103375FD}.Release|x86.Build.0 = Release|Any CPU
		{EEFD9AA1-4C89-4677-801D-16C5103375FD}.Release|x86.Deploy.0 = Release|Any CPU
	EndGlobalSection
	GlobalSection(SolutionProperties) = preSolution
		HideSolutionNode = FALSE
	EndGlobalSection
	GlobalSection(ExtensibilityGlobals) = postSolution
		SolutionGuid = {85A5E5EB-E049-43DE-8842-60D2DDB46212}
	EndGlobalSection
EndGlobal
